
Microsoft Visual Studio Solution File, Format Version 12.00
# Visual Studio Version 16
VisualStudioVersion = 16.0.32802.440
MinimumVisualStudioVersion = 10.0.40219.1
Project("{FAE04EC0-301F-11D3-BF4B-00C04F79EFBC}") = "CssToJson", "CssToJson.csproj", "{79482322-644E-464A-B806-8AFD50A58E46}"
EndProject
Global
	GlobalSection(SolutionConfigurationPlatforms) = preSolution
		Debug|Any CPU = Debug|Any CPU
		Release|Any CPU = Release|Any CPU
	EndGlobalSection
	GlobalSection(ProjectConfigurationPlatforms) = postSolution
		{79482322-644E-464A-B806-8AFD50A58E46}.Debug|Any CPU.ActiveCfg = Debug|Any CPU
		{79482322-644E-464A-B806-8AFD50A58E46}.Debug|Any CPU.Build.0 = Debug|Any CPU
		{79482322-644E-464A-B806-8AFD50A58E46}.Release|Any CPU.ActiveCfg = Release|Any CPU
		{79482322-644E-464A-B806-8AFD50A58E46}.Release|Any CPU.Build.0 = Release|Any CPU
	EndGlobalSection
	GlobalSection(SolutionProperties) = preSolution
		HideSolutionNode = FALSE
	EndGlobalSection
	GlobalSection(ExtensibilityGlobals) = postSolution
		SolutionGuid = {563BD47E-ED35-4205-8DE4-4285B3A9D733}
	EndGlobalSection
EndGlobal
